
Microsoft Visual Studio Solution File, Format Version 12.00
# Visual Studio Version 17
VisualStudioVersion = 17.2.32630.192
MinimumVisualStudioVersion = 10.0.40219.1
Project("{9A19103F-16F7-4668-BE54-9A1E7A4F7556}") = "Log", "Log\Log.csproj", "{E8DC2478-49EA-46AB-A5AC-2E0E2CBD198F}"
EndProject
Project("{9A19103F-16F7-4668-BE54-9A1E7A4F7556}") = "ckconv-gui", "ckconv-gui\ckconv-gui.csproj", "{B48E65A8-DE73-493B-9388-47066CE5990F}"
EndProject
Project("{9A19103F-16F7-4668-BE54-9A1E7A4F7556}") = "ImportedWPF", "ImportedWPF\ImportedWPF.csproj", "{4159EDA0-30B1-48B8-9C54-9A5C25A2FE87}"
EndProject
Project("{9A19103F-16F7-4668-BE54-9A1E7A4F7556}") = "TypeExtensions", "TypeExtensions\TypeExtensions.csproj", "{44C19C9F-B8F4-45D8-BC62-C52C0FBF17C0}"
EndProject
Global
	GlobalSection(SolutionConfigurationPlatforms) = preSolution
		Debug|Any CPU = Debug|Any CPU
		Debug|x64 = Debug|x64
		Debug|x86 = Debug|x86
		Release|Any CPU = Release|Any CPU
		Release|x64 = Release|x64
		Release|x86 = Release|x86
		SDK|Any CPU = SDK|Any CPU
		SDK|x64 = SDK|x64
		SDK|x86 = SDK|x86
	EndGlobalSection
	GlobalSection(ProjectConfigurationPlatforms) = postSolution
		{E8DC2478-49EA-46AB-A5AC-2E0E2CBD198F}.Debug|Any CPU.ActiveCfg = Debug|Any CPU
		{E8DC2478-49EA-46AB-A5AC-2E0E2CBD198F}.Debug|Any CPU.Build.0 = Debug|Any CPU
		{E8DC2478-49EA-46AB-A5AC-2E0E2CBD198F}.Debug|x64.ActiveCfg = Debug|Any CPU
		{E8DC2478-49EA-46AB-A5AC-2E0E2CBD198F}.Debug|x64.Build.0 = Debug|Any CPU
		{E8DC2478-49EA-46AB-A5AC-2E0E2CBD198F}.Debug|x86.ActiveCfg = Debug|Any CPU
		{E8DC2478-49EA-46AB-A5AC-2E0E2CBD198F}.Debug|x86.Build.0 = Debug|Any CPU
		{E8DC2478-49EA-46AB-A5AC-2E0E2CBD198F}.Release|Any CPU.ActiveCfg = Release|Any CPU
		{E8DC2478-49EA-46AB-A5AC-2E0E2CBD198F}.Release|Any CPU.Build.0 = Release|Any CPU
		{E8DC2478-49EA-46AB-A5AC-2E0E2CBD198F}.Release|x64.ActiveCfg = Release|Any CPU
		{E8DC2478-49EA-46AB-A5AC-2E0E2CBD198F}.Release|x64.Build.0 = Release|Any CPU
		{E8DC2478-49EA-46AB-A5AC-2E0E2CBD198F}.Release|x86.ActiveCfg = Release|Any CPU
		{E8DC2478-49EA-46AB-A5AC-2E0E2CBD198F}.Release|x86.Build.0 = Release|Any CPU
		{E8DC2478-49EA-46AB-A5AC-2E0E2CBD198F}.SDK|Any CPU.ActiveCfg = SDK|Any CPU
		{E8DC2478-49EA-46AB-A5AC-2E0E2CBD198F}.SDK|Any CPU.Build.0 = SDK|Any CPU
		{E8DC2478-49EA-46AB-A5AC-2E0E2CBD198F}.SDK|x64.ActiveCfg = SDK|Any CPU
		{E8DC2478-49EA-46AB-A5AC-2E0E2CBD198F}.SDK|x64.Build.0 = SDK|Any CPU
		{E8DC2478-49EA-46AB-A5AC-2E0E2CBD198F}.SDK|x86.ActiveCfg = SDK|Any CPU
		{E8DC2478-49EA-46AB-A5AC-2E0E2CBD198F}.SDK|x86.Build.0 = SDK|Any CPU
		{B48E65A8-DE73-493B-9388-47066CE5990F}.Debug|Any CPU.ActiveCfg = Debug|Any CPU
		{B48E65A8-DE73-493B-9388-47066CE5990F}.Debug|Any CPU.Build.0 = Debug|Any CPU
		{B48E65A8-DE73-493B-9388-47066CE5990F}.Debug|x64.ActiveCfg = Debug|Any CPU
		{B48E65A8-DE73-493B-9388-47066CE5990F}.Debug|x64.Build.0 = Debug|Any CPU
		{B48E65A8-DE73-493B-9388-47066CE5990F}.Debug|x86.ActiveCfg = Debug|Any CPU
		{B48E65A8-DE73-493B-9388-47066CE5990F}.Debug|x86.Build.0 = Debug|Any CPU
		{B48E65A8-DE73-493B-9388-47066CE5990F}.Release|Any CPU.ActiveCfg = Release|Any CPU
		{B48E65A8-DE73-493B-9388-47066CE5990F}.Release|Any CPU.Build.0 = Release|Any CPU
		{B48E65A8-DE73-493B-9388-47066CE5990F}.Release|x64.ActiveCfg = Release|Any CPU
		{B48E65A8-DE73-493B-9388-47066CE5990F}.Release|x64.Build.0 = Release|Any CPU
		{B48E65A8-DE73-493B-9388-47066CE5990F}.Release|x86.ActiveCfg = Release|Any CPU
		{B48E65A8-DE73-493B-9388-47066CE5990F}.Release|x86.Build.0 = Release|Any CPU
		{B48E65A8-DE73-493B-9388-47066CE5990F}.SDK|Any CPU.ActiveCfg = Debug|Any CPU
		{B48E65A8-DE73-493B-9388-47066CE5990F}.SDK|Any CPU.Build.0 = Debug|Any CPU
		{B48E65A8-DE73-493B-9388-47066CE5990F}.SDK|x64.ActiveCfg = Debug|Any CPU
		{B48E65A8-DE73-493B-9388-47066CE5990F}.SDK|x64.Build.0 = Debug|Any CPU
		{B48E65A8-DE73-493B-9388-47066CE5990F}.SDK|x86.ActiveCfg = Debug|Any CPU
		{B48E65A8-DE73-493B-9388-47066CE5990F}.SDK|x86.Build.0 = Debug|Any CPU
		{4159EDA0-30B1-48B8-9C54-9A5C25A2FE87}.Debug|Any CPU.ActiveCfg = Debug|Any CPU
		{4159EDA0-30B1-48B8-9C54-9A5C25A2FE87}.Debug|Any CPU.Build.0 = Debug|Any CPU
		{4159EDA0-30B1-48B8-9C54-9A5C25A2FE87}.Debug|x64.ActiveCfg = Debug|Any CPU
		{4159EDA0-30B1-48B8-9C54-9A5C25A2FE87}.Debug|x64.Build.0 = Debug|Any CPU
		{4159EDA0-30B1-48B8-9C54-9A5C25A2FE87}.Debug|x86.ActiveCfg = Debug|Any CPU
		{4159EDA0-30B1-48B8-9C54-9A5C25A2FE87}.Debug|x86.Build.0 = Debug|Any CPU
		{4159EDA0-30B1-48B8-9C54-9A5C25A2FE87}.Release|Any CPU.ActiveCfg = Release|Any CPU
		{4159EDA0-30B1-48B8-9C54-9A5C25A2FE87}.Release|Any CPU.Build.0 = Release|Any CPU
		{4159EDA0-30B1-48B8-9C54-9A5C25A2FE87}.Release|x64.ActiveCfg = Release|Any CPU
		{4159EDA0-30B1-48B8-9C54-9A5C25A2FE87}.Release|x64.Build.0 = Release|Any CPU
		{4159EDA0-30B1-48B8-9C54-9A5C25A2FE87}.Release|x86.ActiveCfg = Release|Any CPU
		{4159EDA0-30B1-48B8-9C54-9A5C25A2FE87}.Release|x86.Build.0 = Release|Any CPU
		{4159EDA0-30B1-48B8-9C54-9A5C25A2FE87}.SDK|Any CPU.ActiveCfg = Debug|Any CPU
		{4159EDA0-30B1-48B8-9C54-9A5C25A2FE87}.SDK|Any CPU.Build.0 = Debug|Any CPU
		{4159EDA0-30B1-48B8-9C54-9A5C25A2FE87}.SDK|x64.ActiveCfg = Debug|Any CPU
		{4159EDA0-30B1-48B8-9C54-9A5C25A2FE87}.SDK|x64.Build.0 = Debug|Any CPU
		{4159EDA0-30B1-48B8-9C54-9A5C25A2FE87}.SDK|x86.ActiveCfg = Debug|Any CPU
		{4159EDA0-30B1-48B8-9C54-9A5C25A2FE87}.SDK|x86.Build.0 = Debug|Any CPU
		{44C19C9F-B8F4-45D8-BC62-C52C0FBF17C0}.Debug|Any CPU.ActiveCfg = Debug|Any CPU
		{44C19C9F-B8F4-45D8-BC62-C52C0FBF17C0}.Debug|Any CPU.Build.0 = Debug|Any CPU
		{44C19C9F-B8F4-45D8-BC62-C52C0FBF17C0}.Debug|x64.ActiveCfg = Debug|Any CPU
		{44C19C9F-B8F4-45D8-BC62-C52C0FBF17C0}.Debug|x64.Build.0 = Debug|Any CPU
		{44C19C9F-B8F4-45D8-BC62-C52C0FBF17C0}.Debug|x86.ActiveCfg = Debug|Any CPU
		{44C19C9F-B8F4-45D8-BC62-C52C0FBF17C0}.Debug|x86.Build.0 = Debug|Any CPU
		{44C19C9F-B8F4-45D8-BC62-C52C0FBF17C0}.Release|Any CPU.ActiveCfg = Release|Any CPU
		{44C19C9F-B8F4-45D8-BC62-C52C0FBF17C0}.Release|Any CPU.Build.0 = Release|Any CPU
		{44C19C9F-B8F4-45D8-BC62-C52C0FBF17C0}.Release|x64.ActiveCfg = Release|Any CPU
		{44C19C9F-B8F4-45D8-BC62-C52C0FBF17C0}.Release|x64.Build.0 = Release|Any CPU
		{44C19C9F-B8F4-45D8-BC62-C52C0FBF17C0}.Release|x86.ActiveCfg = Release|Any CPU
		{44C19C9F-B8F4-45D8-BC62-C52C0FBF17C0}.Release|x86.Build.0 = Release|Any CPU
		{44C19C9F-B8F4-45D8-BC62-C52C0FBF17C0}.SDK|Any CPU.ActiveCfg = Debug|Any CPU
		{44C19C9F-B8F4-45D8-BC62-C52C0FBF17C0}.SDK|Any CPU.Build.0 = Debug|Any CPU
		{44C19C9F-B8F4-45D8-BC62-C52C0FBF17C0}.SDK|x64.ActiveCfg = Debug|Any CPU
		{44C19C9F-B8F4-45D8-BC62-C52C0FBF17C0}.SDK|x64.Build.0 = Debug|Any CPU
		{44C19C9F-B8F4-45D8-BC62-C52C0FBF17C0}.SDK|x86.ActiveCfg = Debug|Any CPU
		{44C19C9F-B8F4-45D8-BC62-C52C0FBF17C0}.SDK|x86.Build.0 = Debug|Any CPU
	EndGlobalSection
	GlobalSection(SolutionProperties) = preSolution
		HideSolutionNode = FALSE
	EndGlobalSection
	GlobalSection(ExtensibilityGlobals) = postSolution
		SolutionGuid = {F4CD45E7-53A8-45F4-B534-FD1187520C26}
	EndGlobalSection
EndGlobal
